// !$*UTF8*$!
{
	archiveVersion = 1;
	classes = {
	};
	objectVersion = 46;
	objects = {

/* Begin PBXBuildFile section */
		371F9BF318CEA5E50064AEA7 /* FX091.wav in Resources */ = {isa = PBXBuildFile; fileRef = 371F9BE918CEA5E50064AEA7 /* FX091.wav */; };
		371F9BF418CEA5E50064AEA7 /* FX092.wav in Resources */ = {isa = PBXBuildFile; fileRef = 371F9BEA18CEA5E50064AEA7 /* FX092.wav */; };
		371F9BF518CEA5E50064AEA7 /* FX093.wav in Resources */ = {isa = PBXBuildFile; fileRef = 371F9BEB18CEA5E50064AEA7 /* FX093.wav */; };
		371F9BF618CEA5E50064AEA7 /* FX094.wav in Resources */ = {isa = PBXBuildFile; fileRef = 371F9BEC18CEA5E50064AEA7 /* FX094.wav */; };
		371F9BF718CEA5E50064AEA7 /* FX095.wav in Resources */ = {isa = PBXBuildFile; fileRef = 371F9BED18CEA5E50064AEA7 /* FX095.wav */; };
		371F9BF818CEA5E50064AEA7 /* FX096.wav in Resources */ = {isa = PBXBuildFile; fileRef = 371F9BEE18CEA5E50064AEA7 /* FX096.wav */; };
		371F9BF918CEA5E50064AEA7 /* FX097.wav in Resources */ = {isa = PBXBuildFile; fileRef = 371F9BEF18CEA5E50064AEA7 /* FX097.wav */; };
		371F9BFA18CEA5E50064AEA7 /* FX098.wav in Resources */ = {isa = PBXBuildFile; fileRef = 371F9BF018CEA5E50064AEA7 /* FX098.wav */; };
		371F9BFB18CEA5E50064AEA7 /* FX099.wav in Resources */ = {isa = PBXBuildFile; fileRef = 371F9BF118CEA5E50064AEA7 /* FX099.wav */; };
		371F9BFC18CEA5E50064AEA7 /* FX100.wav in Resources */ = {isa = PBXBuildFile; fileRef = 371F9BF218CEA5E50064AEA7 /* FX100.wav */; };
		371F9C0018CEA73F0064AEA7 /* atari_boom.wav in Resources */ = {isa = PBXBuildFile; fileRef = 371F9BFD18CEA73F0064AEA7 /* atari_boom.wav */; };
		371F9C0118CEA73F0064AEA7 /* atari_boom4.wav in Resources */ = {isa = PBXBuildFile; fileRef = 371F9BFE18CEA73F0064AEA7 /* atari_boom4.wav */; };
		371F9C0218CEA73F0064AEA7 /* atari_boom6.wav in Resources */ = {isa = PBXBuildFile; fileRef = 371F9BFF18CEA73F0064AEA7 /* atari_boom6.wav */; };
		372D31FB18BC4DA0003E9068 /* Foundation.framework in Frameworks */ = {isa = PBXBuildFile; fileRef = 372D31FA18BC4DA0003E9068 /* Foundation.framework */; };
		372D31FD18BC4DA0003E9068 /* CoreGraphics.framework in Frameworks */ = {isa = PBXBuildFile; fileRef = 372D31FC18BC4DA0003E9068 /* CoreGraphics.framework */; };
		372D31FF18BC4DA0003E9068 /* UIKit.framework in Frameworks */ = {isa = PBXBuildFile; fileRef = 372D31FE18BC4DA0003E9068 /* UIKit.framework */; };
		372D320118BC4DA0003E9068 /* SpriteKit.framework in Frameworks */ = {isa = PBXBuildFile; fileRef = 372D320018BC4DA0003E9068 /* SpriteKit.framework */; };
		372D320718BC4DA0003E9068 /* InfoPlist.strings in Resources */ = {isa = PBXBuildFile; fileRef = 372D320518BC4DA0003E9068 /* InfoPlist.strings */; };
		372D320918BC4DA0003E9068 /* main.m in Sources */ = {isa = PBXBuildFile; fileRef = 372D320818BC4DA0003E9068 /* main.m */; };
		372D320D18BC4DA0003E9068 /* DSAppDelegate.m in Sources */ = {isa = PBXBuildFile; fileRef = 372D320C18BC4DA0003E9068 /* DSAppDelegate.m */; };
		372D321018BC4DA0003E9068 /* Main_iPhone.storyboard in Resources */ = {isa = PBXBuildFile; fileRef = 372D320E18BC4DA0003E9068 /* Main_iPhone.storyboard */; };
		372D321318BC4DA0003E9068 /* Main_iPad.storyboard in Resources */ = {isa = PBXBuildFile; fileRef = 372D321118BC4DA0003E9068 /* Main_iPad.storyboard */; };
		372D321618BC4DA0003E9068 /* DSViewController.m in Sources */ = {isa = PBXBuildFile; fileRef = 372D321518BC4DA0003E9068 /* DSViewController.m */; };
		372D321918BC4DA0003E9068 /* DSLevelScene.m in Sources */ = {isa = PBXBuildFile; fileRef = 372D321818BC4DA0003E9068 /* DSLevelScene.m */; };
		372D321D18BC4DA0003E9068 /* Images.xcassets in Resources */ = {isa = PBXBuildFile; fileRef = 372D321C18BC4DA0003E9068 /* Images.xcassets */; };
		372D322418BC4DA0003E9068 /* XCTest.framework in Frameworks */ = {isa = PBXBuildFile; fileRef = 372D322318BC4DA0003E9068 /* XCTest.framework */; };
		372D322518BC4DA0003E9068 /* Foundation.framework in Frameworks */ = {isa = PBXBuildFile; fileRef = 372D31FA18BC4DA0003E9068 /* Foundation.framework */; };
		372D322618BC4DA0003E9068 /* UIKit.framework in Frameworks */ = {isa = PBXBuildFile; fileRef = 372D31FE18BC4DA0003E9068 /* UIKit.framework */; };
		372D322E18BC4DA0003E9068 /* InfoPlist.strings in Resources */ = {isa = PBXBuildFile; fileRef = 372D322C18BC4DA0003E9068 /* InfoPlist.strings */; };
		372D323018BC4DA0003E9068 /* Dead_Sea_iOSTests.m in Sources */ = {isa = PBXBuildFile; fileRef = 372D322F18BC4DA0003E9068 /* Dead_Sea_iOSTests.m */; };
		372D323C18BC58EE003E9068 /* DSPlayerCharacterSpriteNode.m in Sources */ = {isa = PBXBuildFile; fileRef = 372D323B18BC58EE003E9068 /* DSPlayerCharacterSpriteNode.m */; };
		377575A818BD0FE000F503F6 /* DSLightshotBulletSpriteNode.m in Sources */ = {isa = PBXBuildFile; fileRef = 377575A718BD0FE000F503F6 /* DSLightshotBulletSpriteNode.m */; };
		377575AE18BD10B700F503F6 /* LightshotDefault.atlas in Resources */ = {isa = PBXBuildFile; fileRef = 377575AC18BD10B700F503F6 /* LightshotDefault.atlas */; };
		377575AF18BD10B700F503F6 /* LightshotFiring.atlas in Resources */ = {isa = PBXBuildFile; fileRef = 377575AD18BD10B700F503F6 /* LightshotFiring.atlas */; };
		377575B218BD1ACE00F503F6 /* DSCharacterSpriteNode.m in Sources */ = {isa = PBXBuildFile; fileRef = 377575B118BD1ACE00F503F6 /* DSCharacterSpriteNode.m */; };
		377575B518BD237000F503F6 /* BulletFactory.m in Sources */ = {isa = PBXBuildFile; fileRef = 377575B418BD237000F503F6 /* BulletFactory.m */; };
		377575EF18BE66C200F503F6 /* YMCPhysicsDebugger.m in Sources */ = {isa = PBXBuildFile; fileRef = 377575E618BE66C200F503F6 /* YMCPhysicsDebugger.m */; };
		377575F018BE66C200F503F6 /* YMCPhysicsDebugProperties.m in Sources */ = {isa = PBXBuildFile; fileRef = 377575E818BE66C200F503F6 /* YMCPhysicsDebugProperties.m */; };
		377575F118BE66C200F503F6 /* YMCSKNode+PhysicsDebug.m in Sources */ = {isa = PBXBuildFile; fileRef = 377575EA18BE66C200F503F6 /* YMCSKNode+PhysicsDebug.m */; };
		377575F218BE66C200F503F6 /* YMCSKPhysicsBody+Swizzle.m in Sources */ = {isa = PBXBuildFile; fileRef = 377575EC18BE66C200F503F6 /* YMCSKPhysicsBody+Swizzle.m */; };
		377575F318BE66C200F503F6 /* YMCSwizzler.m in Sources */ = {isa = PBXBuildFile; fileRef = 377575EE18BE66C200F503F6 /* YMCSwizzler.m */; };
		3776B1C718BC666F00DF5A68 /* PlayerShipHover.atlas in Resources */ = {isa = PBXBuildFile; fileRef = 3776B1C618BC666F00DF5A68 /* PlayerShipHover.atlas */; };
		37836B891998429500656833 /* bg0-copy.png in Resources */ = {isa = PBXBuildFile; fileRef = 37836B881998429500656833 /* bg0-copy.png */; };
		3784045618C6FB4800C8A12D /* SKNode+Utilities.m in Sources */ = {isa = PBXBuildFile; fileRef = 3784045518C6FB4800C8A12D /* SKNode+Utilities.m */; };
		37BDE93318BC6AFD005C5807 /* DSSpriteNode.m in Sources */ = {isa = PBXBuildFile; fileRef = 37BDE93218BC6AFD005C5807 /* DSSpriteNode.m */; };
		37BDE93718BC6C61005C5807 /* DSPlayer.m in Sources */ = {isa = PBXBuildFile; fileRef = 37BDE93618BC6C61005C5807 /* DSPlayer.m */; };
		37BDE93A18BC6E8A005C5807 /* DSBulletSpriteNode.m in Sources */ = {isa = PBXBuildFile; fileRef = 37BDE93918BC6E8A005C5807 /* DSBulletSpriteNode.m */; };
		37BDE93E18BC706D005C5807 /* OceanPhysicsController.m in Sources */ = {isa = PBXBuildFile; fileRef = 37BDE93D18BC706D005C5807 /* OceanPhysicsController.m */; };
		37BDE94418BDA2DE005C5807 /* SmallEnemyHover.atlas in Resources */ = {isa = PBXBuildFile; fileRef = 37BDE94318BDA2DE005C5807 /* SmallEnemyHover.atlas */; };
		37BDE94718BDA46C005C5807 /* DSEnemySpriteNode.m in Sources */ = {isa = PBXBuildFile; fileRef = 37BDE94618BDA46C005C5807 /* DSEnemySpriteNode.m */; };
		37BDE94B18BDA685005C5807 /* DSSmallEnemySpriteNode.m in Sources */ = {isa = PBXBuildFile; fileRef = 37BDE94A18BDA685005C5807 /* DSSmallEnemySpriteNode.m */; };
		37BDE94E18BDAF18005C5807 /* DSBallshotBulletSpriteNode.m in Sources */ = {isa = PBXBuildFile; fileRef = 37BDE94D18BDAF18005C5807 /* DSBallshotBulletSpriteNode.m */; };
		37BDE95218BDB124005C5807 /* BallshotDefault.atlas in Resources */ = {isa = PBXBuildFile; fileRef = 37BDE95018BDB124005C5807 /* BallshotDefault.atlas */; };
		37BDE95318BDB124005C5807 /* BallshotFiring.atlas in Resources */ = {isa = PBXBuildFile; fileRef = 37BDE95118BDB124005C5807 /* BallshotFiring.atlas */; };
		37BDE95618C043FC005C5807 /* SKAction+Utilities.m in Sources */ = {isa = PBXBuildFile; fileRef = 37BDE95518C043FC005C5807 /* SKAction+Utilities.m */; };
		37BDE96918C2BD62005C5807 /* SKAction+SKTExtras.m in Sources */ = {isa = PBXBuildFile; fileRef = 37BDE95918C2BD62005C5807 /* SKAction+SKTExtras.m */; };
		37BDE96A18C2BD62005C5807 /* SKAction+SKTSpecialEffects.m in Sources */ = {isa = PBXBuildFile; fileRef = 37BDE95B18C2BD62005C5807 /* SKAction+SKTSpecialEffects.m */; };
		37BDE96B18C2BD62005C5807 /* SKEmitterNode+SKTExtras.m in Sources */ = {isa = PBXBuildFile; fileRef = 37BDE95D18C2BD62005C5807 /* SKEmitterNode+SKTExtras.m */; };
		37BDE96C18C2BD62005C5807 /* SKNode+SKTDebugDraw.m in Sources */ = {isa = PBXBuildFile; fileRef = 37BDE95F18C2BD62005C5807 /* SKNode+SKTDebugDraw.m */; };
		37BDE96D18C2BD62005C5807 /* SKNode+SKTExtras.m in Sources */ = {isa = PBXBuildFile; fileRef = 37BDE96118C2BD62005C5807 /* SKNode+SKTExtras.m */; };
		37BDE96E18C2BD62005C5807 /* SKTAudio.m in Sources */ = {isa = PBXBuildFile; fileRef = 37BDE96318C2BD62005C5807 /* SKTAudio.m */; };
		37BDE96F18C2BD62005C5807 /* SKTEffects.m in Sources */ = {isa = PBXBuildFile; fileRef = 37BDE96518C2BD62005C5807 /* SKTEffects.m */; };
		37BDE97018C2BD62005C5807 /* SKTTimingFunctions.m in Sources */ = {isa = PBXBuildFile; fileRef = 37BDE96718C2BD62005C5807 /* SKTTimingFunctions.m */; };
		37C3877B19D888CF0012276D /* DSSubBossSpriteNode.m in Sources */ = {isa = PBXBuildFile; fileRef = 37C3877A19D888CF0012276D /* DSSubBossSpriteNode.m */; };
		37C3877E19D889D10012276D /* SubBossHover.atlas in Resources */ = {isa = PBXBuildFile; fileRef = 37C3877D19D889D10012276D /* SubBossHover.atlas */; };
		37C3878119D88CFD0012276D /* SubBossCloseMouth.atlas in Resources */ = {isa = PBXBuildFile; fileRef = 37C3877F19D88CFD0012276D /* SubBossCloseMouth.atlas */; };
		37C3878219D88CFD0012276D /* SubBossOpenMouth.atlas in Resources */ = {isa = PBXBuildFile; fileRef = 37C3878019D88CFD0012276D /* SubBossOpenMouth.atlas */; };
		37C3878419D88D980012276D /* LevelTest.plist in Resources */ = {isa = PBXBuildFile; fileRef = 37C3878319D88D980012276D /* LevelTest.plist */; };
		37C4888418CA6F9B00042307 /* 9i67.jpg in Resources */ = {isa = PBXBuildFile; fileRef = 37C4888018CA6F9B00042307 /* 9i67.jpg */; };
		37C4888518CA6F9B00042307 /* explode.gif in Resources */ = {isa = PBXBuildFile; fileRef = 37C4888218CA6F9B00042307 /* explode.gif */; };
		37C4888618CA6F9B00042307 /* SmallExplosion.atlas in Resources */ = {isa = PBXBuildFile; fileRef = 37C4888318CA6F9B00042307 /* SmallExplosion.atlas */; };
		37C4888C18CE23F200042307 /* laser_shooting_sfx.wav in Resources */ = {isa = PBXBuildFile; fileRef = 37C4888918CE23F200042307 /* laser_shooting_sfx.wav */; };
		37C4888D18CE23F200042307 /* Menu Selection Click.wav in Resources */ = {isa = PBXBuildFile; fileRef = 37C4888A18CE23F200042307 /* Menu Selection Click.wav */; };
		37C4888E18CE23F200042307 /* robot_0.mp3 in Resources */ = {isa = PBXBuildFile; fileRef = 37C4888B18CE23F200042307 /* robot_0.mp3 */; };
		37D08B8118CAC5DA005495DF /* DSCharacterSpawner.m in Sources */ = {isa = PBXBuildFile; fileRef = 37D08B8018CAC5DA005495DF /* DSCharacterSpawner.m */; };
		37D08B8418CBAAE5005495DF /* DSLevelParser.m in Sources */ = {isa = PBXBuildFile; fileRef = 37D08B8318CBAAE5005495DF /* DSLevelParser.m */; };
		37D08B8718CBAC76005495DF /* Level0.plist in Resources */ = {isa = PBXBuildFile; fileRef = 37D08B8618CBAC76005495DF /* Level0.plist */; };
		37D08B8A18CC0BDF005495DF /* DSLevel.m in Sources */ = {isa = PBXBuildFile; fileRef = 37D08B8918CC0BDF005495DF /* DSLevel.m */; };
		37D69811199926BD002C6A49 /* level0.mp3 in Resources */ = {isa = PBXBuildFile; fileRef = 37D69810199926BD002C6A49 /* level0.mp3 */; };
		37E3130218C6AA9100CD0141 /* DSBulletEmitter.m in Sources */ = {isa = PBXBuildFile; fileRef = 37E3130118C6AA9100CD0141 /* DSBulletEmitter.m */; };
		37E58DB518CCDBAE00AD2F86 /* DSScrollingBackground.m in Sources */ = {isa = PBXBuildFile; fileRef = 37E58DB418CCDBAE00AD2F86 /* DSScrollingBackground.m */; };
		37E58DB718CCDE0900AD2F86 /* bg0.png in Resources */ = {isa = PBXBuildFile; fileRef = 37E58DB618CCDE0900AD2F86 /* bg0.png */; };
		37E58DBA18CD374500AD2F86 /* Localizable.strings in Resources */ = {isa = PBXBuildFile; fileRef = 37E58DB818CD374500AD2F86 /* Localizable.strings */; };
/* End PBXBuildFile section */

/* Begin PBXContainerItemProxy section */
		372D322718BC4DA0003E9068 /* PBXContainerItemProxy */ = {
			isa = PBXContainerItemProxy;
			containerPortal = 372D31EF18BC4DA0003E9068 /* Project object */;
			proxyType = 1;
			remoteGlobalIDString = 372D31F618BC4DA0003E9068;
			remoteInfo = "Dead Sea iOS";
		};
/* End PBXContainerItemProxy section */

/* Begin PBXFileReference section */
		371F9BE918CEA5E50064AEA7 /* FX091.wav */ = {isa = PBXFileReference; lastKnownFileType = audio.wav; path = FX091.wav; sourceTree = "<group>"; };
		371F9BEA18CEA5E50064AEA7 /* FX092.wav */ = {isa = PBXFileReference; lastKnownFileType = audio.wav; path = FX092.wav; sourceTree = "<group>"; };
		371F9BEB18CEA5E50064AEA7 /* FX093.wav */ = {isa = PBXFileReference; lastKnownFileType = audio.wav; path = FX093.wav; sourceTree = "<group>"; };
		371F9BEC18CEA5E50064AEA7 /* FX094.wav */ = {isa = PBXFileReference; lastKnownFileType = audio.wav; path = FX094.wav; sourceTree = "<group>"; };
		371F9BED18CEA5E50064AEA7 /* FX095.wav */ = {isa = PBXFileReference; lastKnownFileType = audio.wav; path = FX095.wav; sourceTree = "<group>"; };
		371F9BEE18CEA5E50064AEA7 /* FX096.wav */ = {isa = PBXFileReference; lastKnownFileType = audio.wav; path = FX096.wav; sourceTree = "<group>"; };
		371F9BEF18CEA5E50064AEA7 /* FX097.wav */ = {isa = PBXFileReference; lastKnownFileType = audio.wav; path = FX097.wav; sourceTree = "<group>"; };
		371F9BF018CEA5E50064AEA7 /* FX098.wav */ = {isa = PBXFileReference; lastKnownFileType = audio.wav; path = FX098.wav; sourceTree = "<group>"; };
		371F9BF118CEA5E50064AEA7 /* FX099.wav */ = {isa = PBXFileReference; lastKnownFileType = audio.wav; path = FX099.wav; sourceTree = "<group>"; };
		371F9BF218CEA5E50064AEA7 /* FX100.wav */ = {isa = PBXFileReference; lastKnownFileType = audio.wav; path = FX100.wav; sourceTree = "<group>"; };
		371F9BFD18CEA73F0064AEA7 /* atari_boom.wav */ = {isa = PBXFileReference; lastKnownFileType = audio.wav; path = atari_boom.wav; sourceTree = "<group>"; };
		371F9BFE18CEA73F0064AEA7 /* atari_boom4.wav */ = {isa = PBXFileReference; lastKnownFileType = audio.wav; path = atari_boom4.wav; sourceTree = "<group>"; };
		371F9BFF18CEA73F0064AEA7 /* atari_boom6.wav */ = {isa = PBXFileReference; lastKnownFileType = audio.wav; path = atari_boom6.wav; sourceTree = "<group>"; };
		372D31F718BC4DA0003E9068 /* Dead Sea iOS.app */ = {isa = PBXFileReference; explicitFileType = wrapper.application; includeInIndex = 0; path = "Dead Sea iOS.app"; sourceTree = BUILT_PRODUCTS_DIR; };
		372D31FA18BC4DA0003E9068 /* Foundation.framework */ = {isa = PBXFileReference; lastKnownFileType = wrapper.framework; name = Foundation.framework; path = System/Library/Frameworks/Foundation.framework; sourceTree = SDKROOT; };
		372D31FC18BC4DA0003E9068 /* CoreGraphics.framework */ = {isa = PBXFileReference; lastKnownFileType = wrapper.framework; name = CoreGraphics.framework; path = System/Library/Frameworks/CoreGraphics.framework; sourceTree = SDKROOT; };
		372D31FE18BC4DA0003E9068 /* UIKit.framework */ = {isa = PBXFileReference; lastKnownFileType = wrapper.framework; name = UIKit.framework; path = System/Library/Frameworks/UIKit.framework; sourceTree = SDKROOT; };
		372D320018BC4DA0003E9068 /* SpriteKit.framework */ = {isa = PBXFileReference; lastKnownFileType = wrapper.framework; name = SpriteKit.framework; path = System/Library/Frameworks/SpriteKit.framework; sourceTree = SDKROOT; };
		372D320418BC4DA0003E9068 /* Dead Sea iOS-Info.plist */ = {isa = PBXFileReference; lastKnownFileType = text.plist.xml; path = "Dead Sea iOS-Info.plist"; sourceTree = "<group>"; };
		372D320618BC4DA0003E9068 /* en */ = {isa = PBXFileReference; lastKnownFileType = text.plist.strings; name = en; path = en.lproj/InfoPlist.strings; sourceTree = "<group>"; };
		372D320818BC4DA0003E9068 /* main.m */ = {isa = PBXFileReference; lastKnownFileType = sourcecode.c.objc; path = main.m; sourceTree = "<group>"; };
		372D320A18BC4DA0003E9068 /* Dead Sea iOS-Prefix.pch */ = {isa = PBXFileReference; lastKnownFileType = sourcecode.c.h; path = "Dead Sea iOS-Prefix.pch"; sourceTree = "<group>"; };
		372D320B18BC4DA0003E9068 /* DSAppDelegate.h */ = {isa = PBXFileReference; lastKnownFileType = sourcecode.c.h; path = DSAppDelegate.h; sourceTree = "<group>"; };
		372D320C18BC4DA0003E9068 /* DSAppDelegate.m */ = {isa = PBXFileReference; lastKnownFileType = sourcecode.c.objc; path = DSAppDelegate.m; sourceTree = "<group>"; };
		372D320F18BC4DA0003E9068 /* Base */ = {isa = PBXFileReference; lastKnownFileType = file.storyboard; name = Base; path = Base.lproj/Main_iPhone.storyboard; sourceTree = "<group>"; };
		372D321218BC4DA0003E9068 /* Base */ = {isa = PBXFileReference; lastKnownFileType = file.storyboard; name = Base; path = Base.lproj/Main_iPad.storyboard; sourceTree = "<group>"; };
		372D321418BC4DA0003E9068 /* DSViewController.h */ = {isa = PBXFileReference; lastKnownFileType = sourcecode.c.h; path = DSViewController.h; sourceTree = "<group>"; };
		372D321518BC4DA0003E9068 /* DSViewController.m */ = {isa = PBXFileReference; lastKnownFileType = sourcecode.c.objc; path = DSViewController.m; sourceTree = "<group>"; };
		372D321718BC4DA0003E9068 /* DSLevelScene.h */ = {isa = PBXFileReference; lastKnownFileType = sourcecode.c.h; path = DSLevelScene.h; sourceTree = "<group>"; };
		372D321818BC4DA0003E9068 /* DSLevelScene.m */ = {isa = PBXFileReference; lastKnownFileType = sourcecode.c.objc; path = DSLevelScene.m; sourceTree = "<group>"; };
		372D321C18BC4DA0003E9068 /* Images.xcassets */ = {isa = PBXFileReference; lastKnownFileType = folder.assetcatalog; path = Images.xcassets; sourceTree = "<group>"; };
		372D322218BC4DA0003E9068 /* Dead Sea iOSTests.xctest */ = {isa = PBXFileReference; explicitFileType = wrapper.cfbundle; includeInIndex = 0; path = "Dead Sea iOSTests.xctest"; sourceTree = BUILT_PRODUCTS_DIR; };
		372D322318BC4DA0003E9068 /* XCTest.framework */ = {isa = PBXFileReference; lastKnownFileType = wrapper.framework; name = XCTest.framework; path = Library/Frameworks/XCTest.framework; sourceTree = DEVELOPER_DIR; };
		372D322B18BC4DA0003E9068 /* Dead Sea iOSTests-Info.plist */ = {isa = PBXFileReference; lastKnownFileType = text.plist.xml; path = "Dead Sea iOSTests-Info.plist"; sourceTree = "<group>"; };
		372D322D18BC4DA0003E9068 /* en */ = {isa = PBXFileReference; lastKnownFileType = text.plist.strings; name = en; path = en.lproj/InfoPlist.strings; sourceTree = "<group>"; };
		372D322F18BC4DA0003E9068 /* Dead_Sea_iOSTests.m */ = {isa = PBXFileReference; lastKnownFileType = sourcecode.c.objc; path = Dead_Sea_iOSTests.m; sourceTree = "<group>"; };
		372D323A18BC58EE003E9068 /* DSPlayerCharacterSpriteNode.h */ = {isa = PBXFileReference; fileEncoding = 4; lastKnownFileType = sourcecode.c.h; name = DSPlayerCharacterSpriteNode.h; path = SpriteNodes/DSPlayerCharacterSpriteNode.h; sourceTree = "<group>"; };
		372D323B18BC58EE003E9068 /* DSPlayerCharacterSpriteNode.m */ = {isa = PBXFileReference; fileEncoding = 4; lastKnownFileType = sourcecode.c.objc; name = DSPlayerCharacterSpriteNode.m; path = SpriteNodes/DSPlayerCharacterSpriteNode.m; sourceTree = "<group>"; };
		377575A618BD0FE000F503F6 /* DSLightshotBulletSpriteNode.h */ = {isa = PBXFileReference; fileEncoding = 4; lastKnownFileType = sourcecode.c.h; name = DSLightshotBulletSpriteNode.h; path = SpriteNodes/Bullets/DSLightshotBulletSpriteNode.h; sourceTree = "<group>"; };
		377575A718BD0FE000F503F6 /* DSLightshotBulletSpriteNode.m */ = {isa = PBXFileReference; fileEncoding = 4; lastKnownFileType = sourcecode.c.objc; name = DSLightshotBulletSpriteNode.m; path = SpriteNodes/Bullets/DSLightshotBulletSpriteNode.m; sourceTree = "<group>"; };
		377575AC18BD10B700F503F6 /* LightshotDefault.atlas */ = {isa = PBXFileReference; lastKnownFileType = folder.skatlas; path = LightshotDefault.atlas; sourceTree = "<group>"; };
		377575AD18BD10B700F503F6 /* LightshotFiring.atlas */ = {isa = PBXFileReference; lastKnownFileType = folder.skatlas; path = LightshotFiring.atlas; sourceTree = "<group>"; };
		377575B018BD1ACE00F503F6 /* DSCharacterSpriteNode.h */ = {isa = PBXFileReference; fileEncoding = 4; lastKnownFileType = sourcecode.c.h; name = DSCharacterSpriteNode.h; path = SpriteNodes/DSCharacterSpriteNode.h; sourceTree = "<group>"; };
		377575B118BD1ACE00F503F6 /* DSCharacterSpriteNode.m */ = {isa = PBXFileReference; fileEncoding = 4; lastKnownFileType = sourcecode.c.objc; name = DSCharacterSpriteNode.m; path = SpriteNodes/DSCharacterSpriteNode.m; sourceTree = "<group>"; };
		377575B318BD237000F503F6 /* BulletFactory.h */ = {isa = PBXFileReference; fileEncoding = 4; lastKnownFileType = sourcecode.c.h; name = BulletFactory.h; path = Factories/BulletFactory.h; sourceTree = "<group>"; };
		377575B418BD237000F503F6 /* BulletFactory.m */ = {isa = PBXFileReference; fileEncoding = 4; lastKnownFileType = sourcecode.c.objc; name = BulletFactory.m; path = Factories/BulletFactory.m; sourceTree = "<group>"; };
		377575E518BE66C200F503F6 /* YMCPhysicsDebugger.h */ = {isa = PBXFileReference; fileEncoding = 4; lastKnownFileType = sourcecode.c.h; path = YMCPhysicsDebugger.h; sourceTree = "<group>"; };
		377575E618BE66C200F503F6 /* YMCPhysicsDebugger.m */ = {isa = PBXFileReference; fileEncoding = 4; lastKnownFileType = sourcecode.c.objc; path = YMCPhysicsDebugger.m; sourceTree = "<group>"; };
		377575E718BE66C200F503F6 /* YMCPhysicsDebugProperties.h */ = {isa = PBXFileReference; fileEncoding = 4; lastKnownFileType = sourcecode.c.h; path = YMCPhysicsDebugProperties.h; sourceTree = "<group>"; };
		377575E818BE66C200F503F6 /* YMCPhysicsDebugProperties.m */ = {isa = PBXFileReference; fileEncoding = 4; lastKnownFileType = sourcecode.c.objc; path = YMCPhysicsDebugProperties.m; sourceTree = "<group>"; };
		377575E918BE66C200F503F6 /* YMCSKNode+PhysicsDebug.h */ = {isa = PBXFileReference; fileEncoding = 4; lastKnownFileType = sourcecode.c.h; path = "YMCSKNode+PhysicsDebug.h"; sourceTree = "<group>"; };
		377575EA18BE66C200F503F6 /* YMCSKNode+PhysicsDebug.m */ = {isa = PBXFileReference; fileEncoding = 4; lastKnownFileType = sourcecode.c.objc; path = "YMCSKNode+PhysicsDebug.m"; sourceTree = "<group>"; };
		377575EB18BE66C200F503F6 /* YMCSKPhysicsBody+Swizzle.h */ = {isa = PBXFileReference; fileEncoding = 4; lastKnownFileType = sourcecode.c.h; path = "YMCSKPhysicsBody+Swizzle.h"; sourceTree = "<group>"; };
		377575EC18BE66C200F503F6 /* YMCSKPhysicsBody+Swizzle.m */ = {isa = PBXFileReference; fileEncoding = 4; lastKnownFileType = sourcecode.c.objc; path = "YMCSKPhysicsBody+Swizzle.m"; sourceTree = "<group>"; };
		377575ED18BE66C200F503F6 /* YMCSwizzler.h */ = {isa = PBXFileReference; fileEncoding = 4; lastKnownFileType = sourcecode.c.h; path = YMCSwizzler.h; sourceTree = "<group>"; };
		377575EE18BE66C200F503F6 /* YMCSwizzler.m */ = {isa = PBXFileReference; fileEncoding = 4; lastKnownFileType = sourcecode.c.objc; path = YMCSwizzler.m; sourceTree = "<group>"; };
		3776B1C618BC666F00DF5A68 /* PlayerShipHover.atlas */ = {isa = PBXFileReference; lastKnownFileType = folder.skatlas; path = PlayerShipHover.atlas; sourceTree = "<group>"; };
		37836B881998429500656833 /* bg0-copy.png */ = {isa = PBXFileReference; lastKnownFileType = image.png; path = "bg0-copy.png"; sourceTree = "<group>"; };
		3784045418C6FB4800C8A12D /* SKNode+Utilities.h */ = {isa = PBXFileReference; fileEncoding = 4; lastKnownFileType = sourcecode.c.h; path = "SKNode+Utilities.h"; sourceTree = "<group>"; };
		3784045518C6FB4800C8A12D /* SKNode+Utilities.m */ = {isa = PBXFileReference; fileEncoding = 4; lastKnownFileType = sourcecode.c.objc; path = "SKNode+Utilities.m"; sourceTree = "<group>"; };
		37BDE93118BC6AFD005C5807 /* DSSpriteNode.h */ = {isa = PBXFileReference; fileEncoding = 4; lastKnownFileType = sourcecode.c.h; name = DSSpriteNode.h; path = SpriteNodes/DSSpriteNode.h; sourceTree = "<group>"; };
		37BDE93218BC6AFD005C5807 /* DSSpriteNode.m */ = {isa = PBXFileReference; fileEncoding = 4; lastKnownFileType = sourcecode.c.objc; name = DSSpriteNode.m; path = SpriteNodes/DSSpriteNode.m; sourceTree = "<group>"; };
		37BDE93418BC6C0C005C5807 /* DSDestroyerDestroyableDelegate.h */ = {isa = PBXFileReference; fileEncoding = 4; lastKnownFileType = sourcecode.c.h; name = DSDestroyerDestroyableDelegate.h; path = Protocols/DSDestroyerDestroyableDelegate.h; sourceTree = "<group>"; };
		37BDE93518BC6C61005C5807 /* DSPlayer.h */ = {isa = PBXFileReference; fileEncoding = 4; lastKnownFileType = sourcecode.c.h; path = DSPlayer.h; sourceTree = "<group>"; };
		37BDE93618BC6C61005C5807 /* DSPlayer.m */ = {isa = PBXFileReference; fileEncoding = 4; lastKnownFileType = sourcecode.c.objc; path = DSPlayer.m; sourceTree = "<group>"; };
		37BDE93818BC6E8A005C5807 /* DSBulletSpriteNode.h */ = {isa = PBXFileReference; fileEncoding = 4; lastKnownFileType = sourcecode.c.h; name = DSBulletSpriteNode.h; path = SpriteNodes/DSBulletSpriteNode.h; sourceTree = "<group>"; };
		37BDE93918BC6E8A005C5807 /* DSBulletSpriteNode.m */ = {isa = PBXFileReference; fileEncoding = 4; lastKnownFileType = sourcecode.c.objc; name = DSBulletSpriteNode.m; path = SpriteNodes/DSBulletSpriteNode.m; sourceTree = "<group>"; };
		37BDE93C18BC706D005C5807 /* OceanPhysicsController.h */ = {isa = PBXFileReference; fileEncoding = 4; lastKnownFileType = sourcecode.c.h; name = OceanPhysicsController.h; path = Controllers/OceanPhysicsController.h; sourceTree = "<group>"; };
		37BDE93D18BC706D005C5807 /* OceanPhysicsController.m */ = {isa = PBXFileReference; fileEncoding = 4; lastKnownFileType = sourcecode.c.objc; name = OceanPhysicsController.m; path = Controllers/OceanPhysicsController.m; sourceTree = "<group>"; };
		37BDE94318BDA2DE005C5807 /* SmallEnemyHover.atlas */ = {isa = PBXFileReference; lastKnownFileType = folder.skatlas; path = SmallEnemyHover.atlas; sourceTree = "<group>"; };
		37BDE94518BDA46C005C5807 /* DSEnemySpriteNode.h */ = {isa = PBXFileReference; fileEncoding = 4; lastKnownFileType = sourcecode.c.h; name = DSEnemySpriteNode.h; path = SpriteNodes/Enemies/DSEnemySpriteNode.h; sourceTree = "<group>"; };
		37BDE94618BDA46C005C5807 /* DSEnemySpriteNode.m */ = {isa = PBXFileReference; fileEncoding = 4; lastKnownFileType = sourcecode.c.objc; name = DSEnemySpriteNode.m; path = SpriteNodes/Enemies/DSEnemySpriteNode.m; sourceTree = "<group>"; };
		37BDE94918BDA685005C5807 /* DSSmallEnemySpriteNode.h */ = {isa = PBXFileReference; fileEncoding = 4; lastKnownFileType = sourcecode.c.h; name = DSSmallEnemySpriteNode.h; path = SpriteNodes/Enemies/DSSmallEnemySpriteNode.h; sourceTree = "<group>"; };
		37BDE94A18BDA685005C5807 /* DSSmallEnemySpriteNode.m */ = {isa = PBXFileReference; fileEncoding = 4; lastKnownFileType = sourcecode.c.objc; name = DSSmallEnemySpriteNode.m; path = SpriteNodes/Enemies/DSSmallEnemySpriteNode.m; sourceTree = "<group>"; };
		37BDE94C18BDAF18005C5807 /* DSBallshotBulletSpriteNode.h */ = {isa = PBXFileReference; fileEncoding = 4; lastKnownFileType = sourcecode.c.h; name = DSBallshotBulletSpriteNode.h; path = SpriteNodes/Bullets/DSBallshotBulletSpriteNode.h; sourceTree = "<group>"; };
		37BDE94D18BDAF18005C5807 /* DSBallshotBulletSpriteNode.m */ = {isa = PBXFileReference; fileEncoding = 4; lastKnownFileType = sourcecode.c.objc; name = DSBallshotBulletSpriteNode.m; path = SpriteNodes/Bullets/DSBallshotBulletSpriteNode.m; sourceTree = "<group>"; };
		37BDE95018BDB124005C5807 /* BallshotDefault.atlas */ = {isa = PBXFileReference; lastKnownFileType = folder.skatlas; path = BallshotDefault.atlas; sourceTree = "<group>"; };
		37BDE95118BDB124005C5807 /* BallshotFiring.atlas */ = {isa = PBXFileReference; lastKnownFileType = folder.skatlas; path = BallshotFiring.atlas; sourceTree = "<group>"; };
		37BDE95418C043FC005C5807 /* SKAction+Utilities.h */ = {isa = PBXFileReference; fileEncoding = 4; lastKnownFileType = sourcecode.c.h; path = "SKAction+Utilities.h"; sourceTree = "<group>"; };
		37BDE95518C043FC005C5807 /* SKAction+Utilities.m */ = {isa = PBXFileReference; fileEncoding = 4; lastKnownFileType = sourcecode.c.objc; path = "SKAction+Utilities.m"; sourceTree = "<group>"; };
		37BDE95818C2BD62005C5807 /* SKAction+SKTExtras.h */ = {isa = PBXFileReference; fileEncoding = 4; lastKnownFileType = sourcecode.c.h; path = "SKAction+SKTExtras.h"; sourceTree = "<group>"; };
		37BDE95918C2BD62005C5807 /* SKAction+SKTExtras.m */ = {isa = PBXFileReference; fileEncoding = 4; lastKnownFileType = sourcecode.c.objc; path = "SKAction+SKTExtras.m"; sourceTree = "<group>"; };
		37BDE95A18C2BD62005C5807 /* SKAction+SKTSpecialEffects.h */ = {isa = PBXFileReference; fileEncoding = 4; lastKnownFileType = sourcecode.c.h; path = "SKAction+SKTSpecialEffects.h"; sourceTree = "<group>"; };
		37BDE95B18C2BD62005C5807 /* SKAction+SKTSpecialEffects.m */ = {isa = PBXFileReference; fileEncoding = 4; lastKnownFileType = sourcecode.c.objc; path = "SKAction+SKTSpecialEffects.m"; sourceTree = "<group>"; };
		37BDE95C18C2BD62005C5807 /* SKEmitterNode+SKTExtras.h */ = {isa = PBXFileReference; fileEncoding = 4; lastKnownFileType = sourcecode.c.h; path = "SKEmitterNode+SKTExtras.h"; sourceTree = "<group>"; };
		37BDE95D18C2BD62005C5807 /* SKEmitterNode+SKTExtras.m */ = {isa = PBXFileReference; fileEncoding = 4; lastKnownFileType = sourcecode.c.objc; path = "SKEmitterNode+SKTExtras.m"; sourceTree = "<group>"; };
		37BDE95E18C2BD62005C5807 /* SKNode+SKTDebugDraw.h */ = {isa = PBXFileReference; fileEncoding = 4; lastKnownFileType = sourcecode.c.h; path = "SKNode+SKTDebugDraw.h"; sourceTree = "<group>"; };
		37BDE95F18C2BD62005C5807 /* SKNode+SKTDebugDraw.m */ = {isa = PBXFileReference; fileEncoding = 4; lastKnownFileType = sourcecode.c.objc; path = "SKNode+SKTDebugDraw.m"; sourceTree = "<group>"; };
		37BDE96018C2BD62005C5807 /* SKNode+SKTExtras.h */ = {isa = PBXFileReference; fileEncoding = 4; lastKnownFileType = sourcecode.c.h; path = "SKNode+SKTExtras.h"; sourceTree = "<group>"; };
		37BDE96118C2BD62005C5807 /* SKNode+SKTExtras.m */ = {isa = PBXFileReference; fileEncoding = 4; lastKnownFileType = sourcecode.c.objc; path = "SKNode+SKTExtras.m"; sourceTree = "<group>"; };
		37BDE96218C2BD62005C5807 /* SKTAudio.h */ = {isa = PBXFileReference; fileEncoding = 4; lastKnownFileType = sourcecode.c.h; path = SKTAudio.h; sourceTree = "<group>"; };
		37BDE96318C2BD62005C5807 /* SKTAudio.m */ = {isa = PBXFileReference; fileEncoding = 4; lastKnownFileType = sourcecode.c.objc; path = SKTAudio.m; sourceTree = "<group>"; };
		37BDE96418C2BD62005C5807 /* SKTEffects.h */ = {isa = PBXFileReference; fileEncoding = 4; lastKnownFileType = sourcecode.c.h; path = SKTEffects.h; sourceTree = "<group>"; };
		37BDE96518C2BD62005C5807 /* SKTEffects.m */ = {isa = PBXFileReference; fileEncoding = 4; lastKnownFileType = sourcecode.c.objc; path = SKTEffects.m; sourceTree = "<group>"; };
		37BDE96618C2BD62005C5807 /* SKTTimingFunctions.h */ = {isa = PBXFileReference; fileEncoding = 4; lastKnownFileType = sourcecode.c.h; path = SKTTimingFunctions.h; sourceTree = "<group>"; };
		37BDE96718C2BD62005C5807 /* SKTTimingFunctions.m */ = {isa = PBXFileReference; fileEncoding = 4; lastKnownFileType = sourcecode.c.objc; path = SKTTimingFunctions.m; sourceTree = "<group>"; };
		37BDE96818C2BD62005C5807 /* SKTUtils.h */ = {isa = PBXFileReference; fileEncoding = 4; lastKnownFileType = sourcecode.c.h; path = SKTUtils.h; sourceTree = "<group>"; };
		37C3877919D888CF0012276D /* DSSubBossSpriteNode.h */ = {isa = PBXFileReference; fileEncoding = 4; lastKnownFileType = sourcecode.c.h; name = DSSubBossSpriteNode.h; path = SpriteNodes/Enemies/DSSubBossSpriteNode.h; sourceTree = "<group>"; };
		37C3877A19D888CF0012276D /* DSSubBossSpriteNode.m */ = {isa = PBXFileReference; fileEncoding = 4; lastKnownFileType = sourcecode.c.objc; name = DSSubBossSpriteNode.m; path = SpriteNodes/Enemies/DSSubBossSpriteNode.m; sourceTree = "<group>"; };
		37C3877D19D889D10012276D /* SubBossHover.atlas */ = {isa = PBXFileReference; lastKnownFileType = folder.skatlas; path = SubBossHover.atlas; sourceTree = "<group>"; };
		37C3877F19D88CFD0012276D /* SubBossCloseMouth.atlas */ = {isa = PBXFileReference; lastKnownFileType = folder.skatlas; path = SubBossCloseMouth.atlas; sourceTree = "<group>"; };
		37C3878019D88CFD0012276D /* SubBossOpenMouth.atlas */ = {isa = PBXFileReference; lastKnownFileType = folder.skatlas; path = SubBossOpenMouth.atlas; sourceTree = "<group>"; };
		37C3878319D88D980012276D /* LevelTest.plist */ = {isa = PBXFileReference; fileEncoding = 4; lastKnownFileType = text.plist.xml; name = LevelTest.plist; path = "Dead Sea iOS/Resources/Levels/LevelTest.plist"; sourceTree = SOURCE_ROOT; };
		37C4888018CA6F9B00042307 /* 9i67.jpg */ = {isa = PBXFileReference; lastKnownFileType = image.jpeg; path = 9i67.jpg; sourceTree = "<group>"; };
		37C4888218CA6F9B00042307 /* explode.gif */ = {isa = PBXFileReference; lastKnownFileType = image.gif; path = explode.gif; sourceTree = "<group>"; };
		37C4888318CA6F9B00042307 /* SmallExplosion.atlas */ = {isa = PBXFileReference; lastKnownFileType = folder.skatlas; path = SmallExplosion.atlas; sourceTree = "<group>"; };
		37C4888718CA913E00042307 /* DSDefines.h */ = {isa = PBXFileReference; lastKnownFileType = sourcecode.c.h; path = DSDefines.h; sourceTree = "<group>"; };
		37C4888918CE23F200042307 /* laser_shooting_sfx.wav */ = {isa = PBXFileReference; lastKnownFileType = audio.wav; path = laser_shooting_sfx.wav; sourceTree = "<group>"; };
		37C4888A18CE23F200042307 /* Menu Selection Click.wav */ = {isa = PBXFileReference; lastKnownFileType = audio.wav; path = "Menu Selection Click.wav"; sourceTree = "<group>"; };
		37C4888B18CE23F200042307 /* robot_0.mp3 */ = {isa = PBXFileReference; lastKnownFileType = audio.mp3; path = robot_0.mp3; sourceTree = "<group>"; };
		37D08B7F18CAC5DA005495DF /* DSCharacterSpawner.h */ = {isa = PBXFileReference; fileEncoding = 4; lastKnownFileType = sourcecode.c.h; path = DSCharacterSpawner.h; sourceTree = "<group>"; };
		37D08B8018CAC5DA005495DF /* DSCharacterSpawner.m */ = {isa = PBXFileReference; fileEncoding = 4; lastKnownFileType = sourcecode.c.objc; path = DSCharacterSpawner.m; sourceTree = "<group>"; };
		37D08B8218CBAAE5005495DF /* DSLevelParser.h */ = {isa = PBXFileReference; fileEncoding = 4; lastKnownFileType = sourcecode.c.h; path = DSLevelParser.h; sourceTree = "<group>"; };
		37D08B8318CBAAE5005495DF /* DSLevelParser.m */ = {isa = PBXFileReference; fileEncoding = 4; lastKnownFileType = sourcecode.c.objc; path = DSLevelParser.m; sourceTree = "<group>"; };
		37D08B8618CBAC76005495DF /* Level0.plist */ = {isa = PBXFileReference; fileEncoding = 4; lastKnownFileType = text.plist.xml; name = Level0.plist; path = "Dead Sea iOS/Resources/Levels/Level0.plist"; sourceTree = SOURCE_ROOT; };
		37D08B8818CC0BDF005495DF /* DSLevel.h */ = {isa = PBXFileReference; fileEncoding = 4; lastKnownFileType = sourcecode.c.h; name = DSLevel.h; path = "Dead Sea iOS/DSLevel.h"; sourceTree = "<group>"; };
		37D08B8918CC0BDF005495DF /* DSLevel.m */ = {isa = PBXFileReference; fileEncoding = 4; lastKnownFileType = sourcecode.c.objc; name = DSLevel.m; path = "Dead Sea iOS/DSLevel.m"; sourceTree = "<group>"; };
		37D69810199926BD002C6A49 /* level0.mp3 */ = {isa = PBXFileReference; lastKnownFileType = audio.mp3; path = level0.mp3; sourceTree = "<group>"; };
		37E3130018C6AA9100CD0141 /* DSBulletEmitter.h */ = {isa = PBXFileReference; fileEncoding = 4; lastKnownFileType = sourcecode.c.h; name = DSBulletEmitter.h; path = SpriteNodes/DSBulletEmitter.h; sourceTree = "<group>"; };
		37E3130118C6AA9100CD0141 /* DSBulletEmitter.m */ = {isa = PBXFileReference; fileEncoding = 4; lastKnownFileType = sourcecode.c.objc; name = DSBulletEmitter.m; path = SpriteNodes/DSBulletEmitter.m; sourceTree = "<group>"; };
		37E58DB318CCDBAE00AD2F86 /* DSScrollingBackground.h */ = {isa = PBXFileReference; fileEncoding = 4; lastKnownFileType = sourcecode.c.h; name = DSScrollingBackground.h; path = SpriteNodes/DSScrollingBackground.h; sourceTree = "<group>"; };
		37E58DB418CCDBAE00AD2F86 /* DSScrollingBackground.m */ = {isa = PBXFileReference; fileEncoding = 4; lastKnownFileType = sourcecode.c.objc; name = DSScrollingBackground.m; path = SpriteNodes/DSScrollingBackground.m; sourceTree = "<group>"; };
		37E58DB618CCDE0900AD2F86 /* bg0.png */ = {isa = PBXFileReference; lastKnownFileType = image.png; path = bg0.png; sourceTree = "<group>"; };
		37E58DB918CD374500AD2F86 /* en */ = {isa = PBXFileReference; lastKnownFileType = text.plist.strings; name = en; path = "Dead Sea iOS/en.lproj/Localizable.strings"; sourceTree = "<group>"; };
/* End PBXFileReference section */

/* Begin PBXFrameworksBuildPhase section */
		372D31F418BC4DA0003E9068 /* Frameworks */ = {
			isa = PBXFrameworksBuildPhase;
			buildActionMask = 2147483647;
			files = (
				372D31FD18BC4DA0003E9068 /* CoreGraphics.framework in Frameworks */,
				372D31FF18BC4DA0003E9068 /* UIKit.framework in Frameworks */,
				372D320118BC4DA0003E9068 /* SpriteKit.framework in Frameworks */,
				372D31FB18BC4DA0003E9068 /* Foundation.framework in Frameworks */,
			);
			runOnlyForDeploymentPostprocessing = 0;
		};
		372D321F18BC4DA0003E9068 /* Frameworks */ = {
			isa = PBXFrameworksBuildPhase;
			buildActionMask = 2147483647;
			files = (
				372D322418BC4DA0003E9068 /* XCTest.framework in Frameworks */,
				372D322618BC4DA0003E9068 /* UIKit.framework in Frameworks */,
				372D322518BC4DA0003E9068 /* Foundation.framework in Frameworks */,
			);
			runOnlyForDeploymentPostprocessing = 0;
		};
/* End PBXFrameworksBuildPhase section */

/* Begin PBXGroup section */
		371F9BE818CEA5E50064AEA7 /* Sound Effects FX 010 */ = {
			isa = PBXGroup;
			children = (
				371F9BE918CEA5E50064AEA7 /* FX091.wav */,
				371F9BEA18CEA5E50064AEA7 /* FX092.wav */,
				371F9BEB18CEA5E50064AEA7 /* FX093.wav */,
				371F9BEC18CEA5E50064AEA7 /* FX094.wav */,
				371F9BED18CEA5E50064AEA7 /* FX095.wav */,
				371F9BEE18CEA5E50064AEA7 /* FX096.wav */,
				371F9BEF18CEA5E50064AEA7 /* FX097.wav */,
				371F9BF018CEA5E50064AEA7 /* FX098.wav */,
				371F9BF118CEA5E50064AEA7 /* FX099.wav */,
				371F9BF218CEA5E50064AEA7 /* FX100.wav */,
			);
			path = "Sound Effects FX 010";
			sourceTree = "<group>";
		};
		372D31EE18BC4DA0003E9068 = {
			isa = PBXGroup;
			children = (
				37D08B8818CC0BDF005495DF /* DSLevel.h */,
				37D08B8918CC0BDF005495DF /* DSLevel.m */,
				372D320218BC4DA0003E9068 /* Dead Sea iOS */,
				372D322918BC4DA0003E9068 /* Dead Sea iOSTests */,
				372D31F918BC4DA0003E9068 /* Frameworks */,
				372D31F818BC4DA0003E9068 /* Products */,
			);
			sourceTree = "<group>";
		};
		372D31F818BC4DA0003E9068 /* Products */ = {
			isa = PBXGroup;
			children = (
				372D31F718BC4DA0003E9068 /* Dead Sea iOS.app */,
				372D322218BC4DA0003E9068 /* Dead Sea iOSTests.xctest */,
			);
			name = Products;
			sourceTree = "<group>";
		};
		372D31F918BC4DA0003E9068 /* Frameworks */ = {
			isa = PBXGroup;
			children = (
				372D31FA18BC4DA0003E9068 /* Foundation.framework */,
				372D31FC18BC4DA0003E9068 /* CoreGraphics.framework */,
				372D31FE18BC4DA0003E9068 /* UIKit.framework */,
				372D320018BC4DA0003E9068 /* SpriteKit.framework */,
				372D322318BC4DA0003E9068 /* XCTest.framework */,
			);
			name = Frameworks;
			sourceTree = "<group>";
		};
		372D320218BC4DA0003E9068 /* Dead Sea iOS */ = {
			isa = PBXGroup;
			children = (
				37D08B8218CBAAE5005495DF /* DSLevelParser.h */,
				37D08B8318CBAAE5005495DF /* DSLevelParser.m */,
				37BDE97118C2BD6A005C5807 /* 3rd Party */,
				372D320B18BC4DA0003E9068 /* DSAppDelegate.h */,
				372D320C18BC4DA0003E9068 /* DSAppDelegate.m */,
				372D320E18BC4DA0003E9068 /* Main_iPhone.storyboard */,
				372D321118BC4DA0003E9068 /* Main_iPad.storyboard */,
				372D321418BC4DA0003E9068 /* DSViewController.h */,
				372D321518BC4DA0003E9068 /* DSViewController.m */,
				3784045418C6FB4800C8A12D /* SKNode+Utilities.h */,
				3784045518C6FB4800C8A12D /* SKNode+Utilities.m */,
				37BDE95418C043FC005C5807 /* SKAction+Utilities.h */,
				37BDE95518C043FC005C5807 /* SKAction+Utilities.m */,
				372D321718BC4DA0003E9068 /* DSLevelScene.h */,
				372D321818BC4DA0003E9068 /* DSLevelScene.m */,
				37D08B7F18CAC5DA005495DF /* DSCharacterSpawner.h */,
				37D08B8018CAC5DA005495DF /* DSCharacterSpawner.m */,
				37BDE93518BC6C61005C5807 /* DSPlayer.h */,
				37BDE93618BC6C61005C5807 /* DSPlayer.m */,
				37C4888718CA913E00042307 /* DSDefines.h */,
				377575B618BD237400F503F6 /* Factories */,
				37BDE94018BC70B5005C5807 /* Controllers */,
				37BDE93F18BC709E005C5807 /* Protocols */,
				3776B1C318BC666F00DF5A68 /* Resources */,
				372D323918BC58BF003E9068 /* SpriteNodes */,
				372D321C18BC4DA0003E9068 /* Images.xcassets */,
				372D320318BC4DA0003E9068 /* Supporting Files */,
			);
			path = "Dead Sea iOS";
			sourceTree = "<group>";
		};
		372D320318BC4DA0003E9068 /* Supporting Files */ = {
			isa = PBXGroup;
			children = (
				372D320418BC4DA0003E9068 /* Dead Sea iOS-Info.plist */,
				372D320518BC4DA0003E9068 /* InfoPlist.strings */,
				372D320818BC4DA0003E9068 /* main.m */,
				372D320A18BC4DA0003E9068 /* Dead Sea iOS-Prefix.pch */,
			);
			name = "Supporting Files";
			sourceTree = "<group>";
		};
		372D322918BC4DA0003E9068 /* Dead Sea iOSTests */ = {
			isa = PBXGroup;
			children = (
				372D322F18BC4DA0003E9068 /* Dead_Sea_iOSTests.m */,
				372D322A18BC4DA0003E9068 /* Supporting Files */,
			);
			path = "Dead Sea iOSTests";
			sourceTree = "<group>";
		};
		372D322A18BC4DA0003E9068 /* Supporting Files */ = {
			isa = PBXGroup;
			children = (
				372D322B18BC4DA0003E9068 /* Dead Sea iOSTests-Info.plist */,
				372D322C18BC4DA0003E9068 /* InfoPlist.strings */,
			);
			name = "Supporting Files";
			sourceTree = "<group>";
		};
		372D323918BC58BF003E9068 /* SpriteNodes */ = {
			isa = PBXGroup;
			children = (
				37E58DB318CCDBAE00AD2F86 /* DSScrollingBackground.h */,
				37E58DB418CCDBAE00AD2F86 /* DSScrollingBackground.m */,
				37BDE93118BC6AFD005C5807 /* DSSpriteNode.h */,
				37BDE93218BC6AFD005C5807 /* DSSpriteNode.m */,
				37E3130018C6AA9100CD0141 /* DSBulletEmitter.h */,
				37E3130118C6AA9100CD0141 /* DSBulletEmitter.m */,
				377575B018BD1ACE00F503F6 /* DSCharacterSpriteNode.h */,
				377575B118BD1ACE00F503F6 /* DSCharacterSpriteNode.m */,
				372D323A18BC58EE003E9068 /* DSPlayerCharacterSpriteNode.h */,
				372D323B18BC58EE003E9068 /* DSPlayerCharacterSpriteNode.m */,
				37BDE94818BDA476005C5807 /* Enemies */,
				377575A918BD0FF100F503F6 /* Bullets */,
			);
			name = SpriteNodes;
			sourceTree = "<group>";
		};
		377575A918BD0FF100F503F6 /* Bullets */ = {
			isa = PBXGroup;
			children = (
				37BDE93818BC6E8A005C5807 /* DSBulletSpriteNode.h */,
				37BDE93918BC6E8A005C5807 /* DSBulletSpriteNode.m */,
				377575A618BD0FE000F503F6 /* DSLightshotBulletSpriteNode.h */,
				377575A718BD0FE000F503F6 /* DSLightshotBulletSpriteNode.m */,
				37BDE94C18BDAF18005C5807 /* DSBallshotBulletSpriteNode.h */,
				37BDE94D18BDAF18005C5807 /* DSBallshotBulletSpriteNode.m */,
			);
			name = Bullets;
			sourceTree = "<group>";
		};
		377575AA18BD10B700F503F6 /* Bullets */ = {
			isa = PBXGroup;
			children = (
				37BDE94F18BDB124005C5807 /* Ballshot */,
				377575AB18BD10B700F503F6 /* Lightshot */,
			);
			path = Bullets;
			sourceTree = "<group>";
		};
		377575AB18BD10B700F503F6 /* Lightshot */ = {
			isa = PBXGroup;
			children = (
				377575AC18BD10B700F503F6 /* LightshotDefault.atlas */,
				377575AD18BD10B700F503F6 /* LightshotFiring.atlas */,
			);
			path = Lightshot;
			sourceTree = "<group>";
		};
		377575B618BD237400F503F6 /* Factories */ = {
			isa = PBXGroup;
			children = (
				377575B318BD237000F503F6 /* BulletFactory.h */,
				377575B418BD237000F503F6 /* BulletFactory.m */,
			);
			name = Factories;
			sourceTree = "<group>";
		};
		377575E418BE66C200F503F6 /* YMCPhysicsDebugger */ = {
			isa = PBXGroup;
			children = (
				377575E518BE66C200F503F6 /* YMCPhysicsDebugger.h */,
				377575E618BE66C200F503F6 /* YMCPhysicsDebugger.m */,
				377575E718BE66C200F503F6 /* YMCPhysicsDebugProperties.h */,
				377575E818BE66C200F503F6 /* YMCPhysicsDebugProperties.m */,
				377575E918BE66C200F503F6 /* YMCSKNode+PhysicsDebug.h */,
				377575EA18BE66C200F503F6 /* YMCSKNode+PhysicsDebug.m */,
				377575EB18BE66C200F503F6 /* YMCSKPhysicsBody+Swizzle.h */,
				377575EC18BE66C200F503F6 /* YMCSKPhysicsBody+Swizzle.m */,
				377575ED18BE66C200F503F6 /* YMCSwizzler.h */,
				377575EE18BE66C200F503F6 /* YMCSwizzler.m */,
			);
			path = YMCPhysicsDebugger;
			sourceTree = "<group>";
		};
		3776B1C318BC666F00DF5A68 /* Resources */ = {
			isa = PBXGroup;
			children = (
				37E58DB818CD374500AD2F86 /* Localizable.strings */,
				37C4888818CE23F200042307 /* Sounds */,
				37D08B8518CBAC4B005495DF /* Levels */,
				3776B1C418BC666F00DF5A68 /* Sprites */,
			);
			path = Resources;
			sourceTree = "<group>";
		};
		3776B1C418BC666F00DF5A68 /* Sprites */ = {
			isa = PBXGroup;
			children = (
				37C4887F18CA6F9B00042307 /* Backgrounds */,
				37C4888118CA6F9B00042307 /* Explosions */,
				37BDE94118BDA2DE005C5807 /* Enemies */,
				377575AA18BD10B700F503F6 /* Bullets */,
				3776B1C518BC666F00DF5A68 /* PlayerShip */,
			);
			path = Sprites;
			sourceTree = "<group>";
		};
		3776B1C518BC666F00DF5A68 /* PlayerShip */ = {
			isa = PBXGroup;
			children = (
				3776B1C618BC666F00DF5A68 /* PlayerShipHover.atlas */,
			);
			path = PlayerShip;
			sourceTree = "<group>";
		};
		37BDE93F18BC709E005C5807 /* Protocols */ = {
			isa = PBXGroup;
			children = (
				37BDE93418BC6C0C005C5807 /* DSDestroyerDestroyableDelegate.h */,
			);
			name = Protocols;
			sourceTree = "<group>";
		};
		37BDE94018BC70B5005C5807 /* Controllers */ = {
			isa = PBXGroup;
			children = (
				37BDE93C18BC706D005C5807 /* OceanPhysicsController.h */,
				37BDE93D18BC706D005C5807 /* OceanPhysicsController.m */,
			);
			name = Controllers;
			sourceTree = "<group>";
		};
		37BDE94118BDA2DE005C5807 /* Enemies */ = {
			isa = PBXGroup;
			children = (
				37C3877C19D889D10012276D /* SubBoss */,
				37BDE94218BDA2DE005C5807 /* SmallEnemy */,
			);
			path = Enemies;
			sourceTree = "<group>";
		};
		37BDE94218BDA2DE005C5807 /* SmallEnemy */ = {
			isa = PBXGroup;
			children = (
				37BDE94318BDA2DE005C5807 /* SmallEnemyHover.atlas */,
			);
			path = SmallEnemy;
			sourceTree = "<group>";
		};
		37BDE94818BDA476005C5807 /* Enemies */ = {
			isa = PBXGroup;
			children = (
				37BDE94518BDA46C005C5807 /* DSEnemySpriteNode.h */,
				37BDE94618BDA46C005C5807 /* DSEnemySpriteNode.m */,
				37BDE94918BDA685005C5807 /* DSSmallEnemySpriteNode.h */,
				37BDE94A18BDA685005C5807 /* DSSmallEnemySpriteNode.m */,
				37C3877919D888CF0012276D /* DSSubBossSpriteNode.h */,
				37C3877A19D888CF0012276D /* DSSubBossSpriteNode.m */,
			);
			name = Enemies;
			sourceTree = "<group>";
		};
		37BDE94F18BDB124005C5807 /* Ballshot */ = {
			isa = PBXGroup;
			children = (
				37BDE95018BDB124005C5807 /* BallshotDefault.atlas */,
				37BDE95118BDB124005C5807 /* BallshotFiring.atlas */,
			);
			path = Ballshot;
			sourceTree = "<group>";
		};
		37BDE95718C2BD62005C5807 /* SKTUtils */ = {
			isa = PBXGroup;
			children = (
				37BDE95818C2BD62005C5807 /* SKAction+SKTExtras.h */,
				37BDE95918C2BD62005C5807 /* SKAction+SKTExtras.m */,
				37BDE95A18C2BD62005C5807 /* SKAction+SKTSpecialEffects.h */,
				37BDE95B18C2BD62005C5807 /* SKAction+SKTSpecialEffects.m */,
				37BDE95C18C2BD62005C5807 /* SKEmitterNode+SKTExtras.h */,
				37BDE95D18C2BD62005C5807 /* SKEmitterNode+SKTExtras.m */,
				37BDE95E18C2BD62005C5807 /* SKNode+SKTDebugDraw.h */,
				37BDE95F18C2BD62005C5807 /* SKNode+SKTDebugDraw.m */,
				37BDE96018C2BD62005C5807 /* SKNode+SKTExtras.h */,
				37BDE96118C2BD62005C5807 /* SKNode+SKTExtras.m */,
				37BDE96218C2BD62005C5807 /* SKTAudio.h */,
				37BDE96318C2BD62005C5807 /* SKTAudio.m */,
				37BDE96418C2BD62005C5807 /* SKTEffects.h */,
				37BDE96518C2BD62005C5807 /* SKTEffects.m */,
				37BDE96618C2BD62005C5807 /* SKTTimingFunctions.h */,
				37BDE96718C2BD62005C5807 /* SKTTimingFunctions.m */,
				37BDE96818C2BD62005C5807 /* SKTUtils.h */,
			);
			path = SKTUtils;
			sourceTree = "<group>";
		};
		37BDE97118C2BD6A005C5807 /* 3rd Party */ = {
			isa = PBXGroup;
			children = (
				377575E418BE66C200F503F6 /* YMCPhysicsDebugger */,
				37BDE95718C2BD62005C5807 /* SKTUtils */,
			);
			name = "3rd Party";
			sourceTree = "<group>";
		};
		37C3877C19D889D10012276D /* SubBoss */ = {
			isa = PBXGroup;
			children = (
				37C3877F19D88CFD0012276D /* SubBossCloseMouth.atlas */,
				37C3878019D88CFD0012276D /* SubBossOpenMouth.atlas */,
				37C3877D19D889D10012276D /* SubBossHover.atlas */,
			);
			path = SubBoss;
			sourceTree = "<group>";
		};
		37C4887F18CA6F9B00042307 /* Backgrounds */ = {
			isa = PBXGroup;
			children = (
				37C4888018CA6F9B00042307 /* 9i67.jpg */,
				37836B881998429500656833 /* bg0-copy.png */,
				37E58DB618CCDE0900AD2F86 /* bg0.png */,
			);
			path = Backgrounds;
			sourceTree = "<group>";
		};
		37C4888118CA6F9B00042307 /* Explosions */ = {
			isa = PBXGroup;
			children = (
				37C4888218CA6F9B00042307 /* explode.gif */,
				37C4888318CA6F9B00042307 /* SmallExplosion.atlas */,
			);
			path = Explosions;
			sourceTree = "<group>";
		};
		37C4888818CE23F200042307 /* Sounds */ = {
			isa = PBXGroup;
			children = (
				371F9BFD18CEA73F0064AEA7 /* atari_boom.wav */,
				371F9BFE18CEA73F0064AEA7 /* atari_boom4.wav */,
				371F9BFF18CEA73F0064AEA7 /* atari_boom6.wav */,
				37C4888918CE23F200042307 /* laser_shooting_sfx.wav */,
				37C4888A18CE23F200042307 /* Menu Selection Click.wav */,
				37C4888B18CE23F200042307 /* robot_0.mp3 */,
				37D6980F199926BD002C6A49 /* music */,
				371F9BE818CEA5E50064AEA7 /* Sound Effects FX 010 */,
			);
			path = Sounds;
			sourceTree = "<group>";
		};
		37D08B8518CBAC4B005495DF /* Levels */ = {
			isa = PBXGroup;
			children = (
				37D08B8618CBAC76005495DF /* Level0.plist */,
				37C3878319D88D980012276D /* LevelTest.plist */,
			);
			name = Levels;
			path = Sprites;
			sourceTree = "<group>";
		};
		37D6980F199926BD002C6A49 /* music */ = {
			isa = PBXGroup;
			children = (
				37D69810199926BD002C6A49 /* level0.mp3 */,
			);
			path = music;
			sourceTree = "<group>";
		};
/* End PBXGroup section */

/* Begin PBXNativeTarget section */
		372D31F618BC4DA0003E9068 /* Dead Sea iOS */ = {
			isa = PBXNativeTarget;
			buildConfigurationList = 372D323318BC4DA0003E9068 /* Build configuration list for PBXNativeTarget "Dead Sea iOS" */;
			buildPhases = (
				372D31F318BC4DA0003E9068 /* Sources */,
				372D31F418BC4DA0003E9068 /* Frameworks */,
				372D31F518BC4DA0003E9068 /* Resources */,
			);
			buildRules = (
			);
			dependencies = (
			);
			name = "Dead Sea iOS";
			productName = "Dead Sea iOS";
			productReference = 372D31F718BC4DA0003E9068 /* Dead Sea iOS.app */;
			productType = "com.apple.product-type.application";
		};
		372D322118BC4DA0003E9068 /* Dead Sea iOSTests */ = {
			isa = PBXNativeTarget;
			buildConfigurationList = 372D323618BC4DA0003E9068 /* Build configuration list for PBXNativeTarget "Dead Sea iOSTests" */;
			buildPhases = (
				372D321E18BC4DA0003E9068 /* Sources */,
				372D321F18BC4DA0003E9068 /* Frameworks */,
				372D322018BC4DA0003E9068 /* Resources */,
			);
			buildRules = (
			);
			dependencies = (
				372D322818BC4DA0003E9068 /* PBXTargetDependency */,
			);
			name = "Dead Sea iOSTests";
			productName = "Dead Sea iOSTests";
			productReference = 372D322218BC4DA0003E9068 /* Dead Sea iOSTests.xctest */;
			productType = "com.apple.product-type.bundle.unit-test";
		};
/* End PBXNativeTarget section */

/* Begin PBXProject section */
		372D31EF18BC4DA0003E9068 /* Project object */ = {
			isa = PBXProject;
			attributes = {
				CLASSPREFIX = DS;
				LastUpgradeCheck = 0500;
				ORGANIZATIONNAME = "Supernovacaine Interactive";
				TargetAttributes = {
					372D31F618BC4DA0003E9068 = {
						DevelopmentTeam = LSB86U552U;
					};
					372D322118BC4DA0003E9068 = {
						TestTargetID = 372D31F618BC4DA0003E9068;
					};
				};
			};
			buildConfigurationList = 372D31F218BC4DA0003E9068 /* Build configuration list for PBXProject "Dead Sea iOS" */;
			compatibilityVersion = "Xcode 3.2";
			developmentRegion = English;
			hasScannedForEncodings = 0;
			knownRegions = (
				en,
				Base,
			);
			mainGroup = 372D31EE18BC4DA0003E9068;
			productRefGroup = 372D31F818BC4DA0003E9068 /* Products */;
			projectDirPath = "";
			projectRoot = "";
			targets = (
				372D31F618BC4DA0003E9068 /* Dead Sea iOS */,
				372D322118BC4DA0003E9068 /* Dead Sea iOSTests */,
			);
		};
/* End PBXProject section */

/* Begin PBXResourcesBuildPhase section */
		372D31F518BC4DA0003E9068 /* Resources */ = {
			isa = PBXResourcesBuildPhase;
			buildActionMask = 2147483647;
			files = (
				37E58DB718CCDE0900AD2F86 /* bg0.png in Resources */,
				371F9BF818CEA5E50064AEA7 /* FX096.wav in Resources */,
				371F9BF718CEA5E50064AEA7 /* FX095.wav in Resources */,
				371F9BF318CEA5E50064AEA7 /* FX091.wav in Resources */,
				37BDE95218BDB124005C5807 /* BallshotDefault.atlas in Resources */,
				371F9C0018CEA73F0064AEA7 /* atari_boom.wav in Resources */,
				37C3878119D88CFD0012276D /* SubBossCloseMouth.atlas in Resources */,
				37C4888E18CE23F200042307 /* robot_0.mp3 in Resources */,
				37C3878219D88CFD0012276D /* SubBossOpenMouth.atlas in Resources */,
				371F9BF418CEA5E50064AEA7 /* FX092.wav in Resources */,
				37C4888418CA6F9B00042307 /* 9i67.jpg in Resources */,
				3776B1C718BC666F00DF5A68 /* PlayerShipHover.atlas in Resources */,
				37836B891998429500656833 /* bg0-copy.png in Resources */,
				372D321D18BC4DA0003E9068 /* Images.xcassets in Resources */,
				371F9BFA18CEA5E50064AEA7 /* FX098.wav in Resources */,
				37C4888C18CE23F200042307 /* laser_shooting_sfx.wav in Resources */,
				377575AF18BD10B700F503F6 /* LightshotFiring.atlas in Resources */,
				37BDE94418BDA2DE005C5807 /* SmallEnemyHover.atlas in Resources */,
				37BDE95318BDB124005C5807 /* BallshotFiring.atlas in Resources */,
				372D321318BC4DA0003E9068 /* Main_iPad.storyboard in Resources */,
				37D69811199926BD002C6A49 /* level0.mp3 in Resources */,
				371F9BF618CEA5E50064AEA7 /* FX094.wav in Resources */,
				37C4888518CA6F9B00042307 /* explode.gif in Resources */,
				372D321018BC4DA0003E9068 /* Main_iPhone.storyboard in Resources */,
				377575AE18BD10B700F503F6 /* LightshotDefault.atlas in Resources */,
				371F9C0118CEA73F0064AEA7 /* atari_boom4.wav in Resources */,
				37C4888D18CE23F200042307 /* Menu Selection Click.wav in Resources */,
				372D320718BC4DA0003E9068 /* InfoPlist.strings in Resources */,
				371F9BF918CEA5E50064AEA7 /* FX097.wav in Resources */,
				37E58DBA18CD374500AD2F86 /* Localizable.strings in Resources */,
				37D08B8718CBAC76005495DF /* Level0.plist in Resources */,
				37C3878419D88D980012276D /* LevelTest.plist in Resources */,
				371F9BFB18CEA5E50064AEA7 /* FX099.wav in Resources */,
				37C3877E19D889D10012276D /* SubBossHover.atlas in Resources */,
				37C4888618CA6F9B00042307 /* SmallExplosion.atlas in Resources */,
				371F9BF518CEA5E50064AEA7 /* FX093.wav in Resources */,
				371F9C0218CEA73F0064AEA7 /* atari_boom6.wav in Resources */,
				371F9BFC18CEA5E50064AEA7 /* FX100.wav in Resources */,
			);
			runOnlyForDeploymentPostprocessing = 0;
		};
		372D322018BC4DA0003E9068 /* Resources */ = {
			isa = PBXResourcesBuildPhase;
			buildActionMask = 2147483647;
			files = (
				372D322E18BC4DA0003E9068 /* InfoPlist.strings in Resources */,
			);
			runOnlyForDeploymentPostprocessing = 0;
		};
/* End PBXResourcesBuildPhase section */

/* Begin PBXSourcesBuildPhase section */
		372D31F318BC4DA0003E9068 /* Sources */ = {
			isa = PBXSourcesBuildPhase;
			buildActionMask = 2147483647;
			files = (
				377575EF18BE66C200F503F6 /* YMCPhysicsDebugger.m in Sources */,
				37C3877B19D888CF0012276D /* DSSubBossSpriteNode.m in Sources */,
				377575B518BD237000F503F6 /* BulletFactory.m in Sources */,
				37BDE93A18BC6E8A005C5807 /* DSBulletSpriteNode.m in Sources */,
				372D320918BC4DA0003E9068 /* main.m in Sources */,
				37BDE93E18BC706D005C5807 /* OceanPhysicsController.m in Sources */,
				37BDE94718BDA46C005C5807 /* DSEnemySpriteNode.m in Sources */,
				372D321918BC4DA0003E9068 /* DSLevelScene.m in Sources */,
				37BDE95618C043FC005C5807 /* SKAction+Utilities.m in Sources */,
				37BDE93318BC6AFD005C5807 /* DSSpriteNode.m in Sources */,
				37BDE97018C2BD62005C5807 /* SKTTimingFunctions.m in Sources */,
				37BDE96F18C2BD62005C5807 /* SKTEffects.m in Sources */,
				37E58DB518CCDBAE00AD2F86 /* DSScrollingBackground.m in Sources */,
				37E3130218C6AA9100CD0141 /* DSBulletEmitter.m in Sources */,
				372D323C18BC58EE003E9068 /* DSPlayerCharacterSpriteNode.m in Sources */,
				3784045618C6FB4800C8A12D /* SKNode+Utilities.m in Sources */,
				372D321618BC4DA0003E9068 /* DSViewController.m in Sources */,
				37BDE96C18C2BD62005C5807 /* SKNode+SKTDebugDraw.m in Sources */,
				372D320D18BC4DA0003E9068 /* DSAppDelegate.m in Sources */,
				37BDE96E18C2BD62005C5807 /* SKTAudio.m in Sources */,
				377575F318BE66C200F503F6 /* YMCSwizzler.m in Sources */,
				37D08B8A18CC0BDF005495DF /* DSLevel.m in Sources */,
				37D08B8118CAC5DA005495DF /* DSCharacterSpawner.m in Sources */,
				37BDE96918C2BD62005C5807 /* SKAction+SKTExtras.m in Sources */,
				37BDE96B18C2BD62005C5807 /* SKEmitterNode+SKTExtras.m in Sources */,
				377575A818BD0FE000F503F6 /* DSLightshotBulletSpriteNode.m in Sources */,
				37BDE93718BC6C61005C5807 /* DSPlayer.m in Sources */,
				37BDE94B18BDA685005C5807 /* DSSmallEnemySpriteNode.m in Sources */,
				37BDE96A18C2BD62005C5807 /* SKAction+SKTSpecialEffects.m in Sources */,
				377575F018BE66C200F503F6 /* YMCPhysicsDebugProperties.m in Sources */,
				37BDE96D18C2BD62005C5807 /* SKNode+SKTExtras.m in Sources */,
				377575B218BD1ACE00F503F6 /* DSCharacterSpriteNode.m in Sources */,
				37BDE94E18BDAF18005C5807 /* DSBallshotBulletSpriteNode.m in Sources */,
				377575F118BE66C200F503F6 /* YMCSKNode+PhysicsDebug.m in Sources */,
				377575F218BE66C200F503F6 /* YMCSKPhysicsBody+Swizzle.m in Sources */,
				37D08B8418CBAAE5005495DF /* DSLevelParser.m in Sources */,
			);
			runOnlyForDeploymentPostprocessing = 0;
		};
		372D321E18BC4DA0003E9068 /* Sources */ = {
			isa = PBXSourcesBuildPhase;
			buildActionMask = 2147483647;
			files = (
				372D323018BC4DA0003E9068 /* Dead_Sea_iOSTests.m in Sources */,
			);
			runOnlyForDeploymentPostprocessing = 0;
		};
/* End PBXSourcesBuildPhase section */

/* Begin PBXTargetDependency section */
		372D322818BC4DA0003E9068 /* PBXTargetDependency */ = {
			isa = PBXTargetDependency;
			target = 372D31F618BC4DA0003E9068 /* Dead Sea iOS */;
			targetProxy = 372D322718BC4DA0003E9068 /* PBXContainerItemProxy */;
		};
/* End PBXTargetDependency section */

/* Begin PBXVariantGroup section */
		372D320518BC4DA0003E9068 /* InfoPlist.strings */ = {
			isa = PBXVariantGroup;
			children = (
				372D320618BC4DA0003E9068 /* en */,
			);
			name = InfoPlist.strings;
			sourceTree = "<group>";
		};
		372D320E18BC4DA0003E9068 /* Main_iPhone.storyboard */ = {
			isa = PBXVariantGroup;
			children = (
				372D320F18BC4DA0003E9068 /* Base */,
			);
			name = Main_iPhone.storyboard;
			sourceTree = "<group>";
		};
		372D321118BC4DA0003E9068 /* Main_iPad.storyboard */ = {
			isa = PBXVariantGroup;
			children = (
				372D321218BC4DA0003E9068 /* Base */,
			);
			name = Main_iPad.storyboard;
			sourceTree = "<group>";
		};
		372D322C18BC4DA0003E9068 /* InfoPlist.strings */ = {
			isa = PBXVariantGroup;
			children = (
				372D322D18BC4DA0003E9068 /* en */,
			);
			name = InfoPlist.strings;
			sourceTree = "<group>";
		};
		37E58DB818CD374500AD2F86 /* Localizable.strings */ = {
			isa = PBXVariantGroup;
			children = (
				37E58DB918CD374500AD2F86 /* en */,
			);
			name = Localizable.strings;
			path = ../..;
			sourceTree = "<group>";
		};
/* End PBXVariantGroup section */

/* Begin XCBuildConfiguration section */
		372D323118BC4DA0003E9068 /* Debug */ = {
			isa = XCBuildConfiguration;
			buildSettings = {
				ALWAYS_SEARCH_USER_PATHS = NO;
				ARCHS = "$(ARCHS_STANDARD_INCLUDING_64_BIT)";
				CLANG_CXX_LANGUAGE_STANDARD = "gnu++0x";
				CLANG_CXX_LIBRARY = "libc++";
				CLANG_ENABLE_MODULES = YES;
				CLANG_ENABLE_OBJC_ARC = YES;
				CLANG_WARN_BOOL_CONVERSION = YES;
				CLANG_WARN_CONSTANT_CONVERSION = YES;
				CLANG_WARN_DIRECT_OBJC_ISA_USAGE = YES_ERROR;
				CLANG_WARN_EMPTY_BODY = YES;
				CLANG_WARN_ENUM_CONVERSION = YES;
				CLANG_WARN_INT_CONVERSION = YES;
				CLANG_WARN_OBJC_ROOT_CLASS = YES_ERROR;
				CLANG_WARN__DUPLICATE_METHOD_MATCH = YES;
				"CODE_SIGN_IDENTITY[sdk=iphoneos*]" = "iPhone Developer";
				COPY_PHASE_STRIP = NO;
				GCC_C_LANGUAGE_STANDARD = gnu99;
				GCC_DYNAMIC_NO_PIC = NO;
				GCC_OPTIMIZATION_LEVEL = 0;
				GCC_PREPROCESSOR_DEFINITIONS = (
					"DEBUG=1",
					"$(inherited)",
				);
				GCC_SYMBOLS_PRIVATE_EXTERN = NO;
				GCC_WARN_64_TO_32_BIT_CONVERSION = YES;
				GCC_WARN_ABOUT_RETURN_TYPE = YES_ERROR;
				GCC_WARN_UNDECLARED_SELECTOR = YES;
				GCC_WARN_UNINITIALIZED_AUTOS = YES;
				GCC_WARN_UNUSED_FUNCTION = YES;
				GCC_WARN_UNUSED_VARIABLE = YES;
				IPHONEOS_DEPLOYMENT_TARGET = 7.0;
				ONLY_ACTIVE_ARCH = YES;
				SDKROOT = iphoneos;
				TARGETED_DEVICE_FAMILY = "1,2";
			};
			name = Debug;
		};
		372D323218BC4DA0003E9068 /* Release */ = {
			isa = XCBuildConfiguration;
			buildSettings = {
				ALWAYS_SEARCH_USER_PATHS = NO;
				ARCHS = "$(ARCHS_STANDARD_INCLUDING_64_BIT)";
				CLANG_CXX_LANGUAGE_STANDARD = "gnu++0x";
				CLANG_CXX_LIBRARY = "libc++";
				CLANG_ENABLE_MODULES = YES;
				CLANG_ENABLE_OBJC_ARC = YES;
				CLANG_WARN_BOOL_CONVERSION = YES;
				CLANG_WARN_CONSTANT_CONVERSION = YES;
				CLANG_WARN_DIRECT_OBJC_ISA_USAGE = YES_ERROR;
				CLANG_WARN_EMPTY_BODY = YES;
				CLANG_WARN_ENUM_CONVERSION = YES;
				CLANG_WARN_INT_CONVERSION = YES;
				CLANG_WARN_OBJC_ROOT_CLASS = YES_ERROR;
				CLANG_WARN__DUPLICATE_METHOD_MATCH = YES;
				"CODE_SIGN_IDENTITY[sdk=iphoneos*]" = "iPhone Developer";
				COPY_PHASE_STRIP = YES;
				ENABLE_NS_ASSERTIONS = NO;
				GCC_C_LANGUAGE_STANDARD = gnu99;
				GCC_WARN_64_TO_32_BIT_CONVERSION = YES;
				GCC_WARN_ABOUT_RETURN_TYPE = YES_ERROR;
				GCC_WARN_UNDECLARED_SELECTOR = YES;
				GCC_WARN_UNINITIALIZED_AUTOS = YES;
				GCC_WARN_UNUSED_FUNCTION = YES;
				GCC_WARN_UNUSED_VARIABLE = YES;
				IPHONEOS_DEPLOYMENT_TARGET = 7.0;
				SDKROOT = iphoneos;
				TARGETED_DEVICE_FAMILY = "1,2";
				VALIDATE_PRODUCT = YES;
			};
			name = Release;
		};
		372D323418BC4DA0003E9068 /* Debug */ = {
			isa = XCBuildConfiguration;
			buildSettings = {
				ASSETCATALOG_COMPILER_APPICON_NAME = AppIcon;
				ASSETCATALOG_COMPILER_LAUNCHIMAGE_NAME = LaunchImage;
				CODE_SIGN_IDENTITY = "iPhone Developer";
				"CODE_SIGN_IDENTITY[sdk=iphoneos*]" = "iPhone Developer";
				GCC_PRECOMPILE_PREFIX_HEADER = YES;
				GCC_PREFIX_HEADER = "Dead Sea iOS/Dead Sea iOS-Prefix.pch";
				INFOPLIST_FILE = "Dead Sea iOS/Dead Sea iOS-Info.plist";
				PRODUCT_NAME = "$(TARGET_NAME)";
				PROVISIONING_PROFILE = "";
				SPRITEKIT_TEXTURE_ATLAS_OUTPUT = YES;
				WRAPPER_EXTENSION = app;
			};
			name = Debug;
		};
		372D323518BC4DA0003E9068 /* Release */ = {
			isa = XCBuildConfiguration;
			buildSettings = {
				ASSETCATALOG_COMPILER_APPICON_NAME = AppIcon;
				ASSETCATALOG_COMPILER_LAUNCHIMAGE_NAME = LaunchImage;
				CODE_SIGN_IDENTITY = "iPhone Developer";
				"CODE_SIGN_IDENTITY[sdk=iphoneos*]" = "iPhone Developer";
				GCC_PRECOMPILE_PREFIX_HEADER = YES;
				GCC_PREFIX_HEADER = "Dead Sea iOS/Dead Sea iOS-Prefix.pch";
				INFOPLIST_FILE = "Dead Sea iOS/Dead Sea iOS-Info.plist";
				PRODUCT_NAME = "$(TARGET_NAME)";
				PROVISIONING_PROFILE = "";
				SPRITEKIT_TEXTURE_ATLAS_OUTPUT = YES;
				WRAPPER_EXTENSION = app;
			};
			name = Release;
		};
		372D323718BC4DA0003E9068 /* Debug */ = {
			isa = XCBuildConfiguration;
			buildSettings = {
				ARCHS = "$(ARCHS_STANDARD_INCLUDING_64_BIT)";
				BUNDLE_LOADER = "$(BUILT_PRODUCTS_DIR)/Dead Sea iOS.app/Dead Sea iOS";
				FRAMEWORK_SEARCH_PATHS = (
					"$(SDKROOT)/Developer/Library/Frameworks",
					"$(inherited)",
					"$(DEVELOPER_FRAMEWORKS_DIR)",
				);
				GCC_PRECOMPILE_PREFIX_HEADER = YES;
				GCC_PREFIX_HEADER = "Dead Sea iOS/Dead Sea iOS-Prefix.pch";
				GCC_PREPROCESSOR_DEFINITIONS = (
					"DEBUG=1",
					"$(inherited)",
				);
				INFOPLIST_FILE = "Dead Sea iOSTests/Dead Sea iOSTests-Info.plist";
				PRODUCT_NAME = "$(TARGET_NAME)";
				TEST_HOST = "$(BUNDLE_LOADER)";
				WRAPPER_EXTENSION = xctest;
			};
			name = Debug;
		};
		372D323818BC4DA0003E9068 /* Release */ = {
			isa = XCBuildConfiguration;
			buildSettings = {
				ARCHS = "$(ARCHS_STANDARD_INCLUDING_64_BIT)";
				BUNDLE_LOADER = "$(BUILT_PRODUCTS_DIR)/Dead Sea iOS.app/Dead Sea iOS";
				FRAMEWORK_SEARCH_PATHS = (
					"$(SDKROOT)/Developer/Library/Frameworks",
					"$(inherited)",
					"$(DEVELOPER_FRAMEWORKS_DIR)",
				);
				GCC_PRECOMPILE_PREFIX_HEADER = YES;
				GCC_PREFIX_HEADER = "Dead Sea iOS/Dead Sea iOS-Prefix.pch";
				INFOPLIST_FILE = "Dead Sea iOSTests/Dead Sea iOSTests-Info.plist";
				PRODUCT_NAME = "$(TARGET_NAME)";
				TEST_HOST = "$(BUNDLE_LOADER)";
				WRAPPER_EXTENSION = xctest;
			};
			name = Release;
		};
/* End XCBuildConfiguration section */

/* Begin XCConfigurationList section */
		372D31F218BC4DA0003E9068 /* Build configuration list for PBXProject "Dead Sea iOS" */ = {
			isa = XCConfigurationList;
			buildConfigurations = (
				372D323118BC4DA0003E9068 /* Debug */,
				372D323218BC4DA0003E9068 /* Release */,
			);
			defaultConfigurationIsVisible = 0;
			defaultConfigurationName = Release;
		};
		372D323318BC4DA0003E9068 /* Build configuration list for PBXNativeTarget "Dead Sea iOS" */ = {
			isa = XCConfigurationList;
			buildConfigurations = (
				372D323418BC4DA0003E9068 /* Debug */,
				372D323518BC4DA0003E9068 /* Release */,
			);
			defaultConfigurationIsVisible = 0;
			defaultConfigurationName = Release;
		};
		372D323618BC4DA0003E9068 /* Build configuration list for PBXNativeTarget "Dead Sea iOSTests" */ = {
			isa = XCConfigurationList;
			buildConfigurations = (
				372D323718BC4DA0003E9068 /* Debug */,
				372D323818BC4DA0003E9068 /* Release */,
			);
			defaultConfigurationIsVisible = 0;
			defaultConfigurationName = Release;
		};
/* End XCConfigurationList section */
	};
	rootObject = 372D31EF18BC4DA0003E9068 /* Project object */;
}
